
Microsoft Visual Studio Solution File, Format Version 12.00
# Visual Studio Version 16
VisualStudioVersion = 16.0.29326.143
MinimumVisualStudioVersion = 10.0.40219.1
Project("{FAE04EC0-301F-11D3-BF4B-00C04F79EFBC}") = "SeguimientoEgresados", "SeguimientoEgresados\SeguimientoEgresados.csproj", "{09982F46-49A1-4768-8BA0-A1DD1A58E7FD}"
EndProject
Global
	GlobalSection(SolutionConfigurationPlatforms) = preSolution
		Debug|Any CPU = Debug|Any CPU
		Release|Any CPU = Release|Any CPU
	EndGlobalSection
	GlobalSection(ProjectConfigurationPlatforms) = postSolution
		{09982F46-49A1-4768-8BA0-A1DD1A58E7FD}.Debug|Any CPU.ActiveCfg = Debug|Any CPU
		{09982F46-49A1-4768-8BA0-A1DD1A58E7FD}.Debug|Any CPU.Build.0 = Debug|Any CPU
		{09982F46-49A1-4768-8BA0-A1DD1A58E7FD}.Release|Any CPU.ActiveCfg = Release|Any CPU
		{09982F46-49A1-4768-8BA0-A1DD1A58E7FD}.Release|Any CPU.Build.0 = Release|Any CPU
	EndGlobalSection
	GlobalSection(SolutionProperties) = preSolution
		HideSolutionNode = FALSE
	EndGlobalSection
	GlobalSection(ExtensibilityGlobals) = postSolution
		SolutionGuid = {F7BC1673-7B96-447E-9FD7-3BF538CDA9D7}
	EndGlobalSection
EndGlobal
