
Microsoft Visual Studio Solution File, Format Version 12.00
# Visual Studio Version 16
VisualStudioVersion = 16.0.29326.143
MinimumVisualStudioVersion = 10.0.40219.1
Project("{FAE04EC0-301F-11D3-BF4B-00C04F79EFBC}") = "SistemaEgresados", "SistemaEgresados\SistemaEgresados.csproj", "{6720CC8A-480F-401E-A1E9-680AC97FCB74}"
EndProject
Global
	GlobalSection(SolutionConfigurationPlatforms) = preSolution
		Debug|Any CPU = Debug|Any CPU
		Release|Any CPU = Release|Any CPU
	EndGlobalSection
	GlobalSection(ProjectConfigurationPlatforms) = postSolution
		{6720CC8A-480F-401E-A1E9-680AC97FCB74}.Debug|Any CPU.ActiveCfg = Debug|Any CPU
		{6720CC8A-480F-401E-A1E9-680AC97FCB74}.Debug|Any CPU.Build.0 = Debug|Any CPU
		{6720CC8A-480F-401E-A1E9-680AC97FCB74}.Release|Any CPU.ActiveCfg = Release|Any CPU
		{6720CC8A-480F-401E-A1E9-680AC97FCB74}.Release|Any CPU.Build.0 = Release|Any CPU
	EndGlobalSection
	GlobalSection(SolutionProperties) = preSolution
		HideSolutionNode = FALSE
	EndGlobalSection
	GlobalSection(ExtensibilityGlobals) = postSolution
		SolutionGuid = {12AC6204-98D7-4E72-A2C8-69EEBFFC1293}
	EndGlobalSection
EndGlobal
